# Generated by pub
# See https://dart.dev/tools/pub/glossary#lockfile
packages:
  animate_do:
    dependency: "direct main"
    description:
      name: animate_do
      sha256: "9aeacc1a7238f971c039bdf45d13c628be554a242e0251c4ddda09d19a1a923f"
      url: "https://pub.dev"
    source: hosted
    version: "3.0.2"
  args:
    dependency: transitive
    description:
      name: args
      sha256: b003c3098049a51720352d219b0bb5f219b60fbfb68e7a4748139a06a5676515
      url: "https://pub.dev"
    source: hosted
    version: "2.3.1"
  async:
    dependency: transitive
    description:
      name: async
      sha256: bfe67ef28df125b7dddcea62755991f807aa39a2492a23e1550161692950bbe0
      url: "https://pub.dev"
    source: hosted
    version: "2.10.0"
  boolean_selector:
    dependency: transitive
    description:
      name: boolean_selector
      sha256: "6cfb5af12253eaf2b368f07bacc5a80d1301a071c73360d746b7f2e32d762c66"
      url: "https://pub.dev"
    source: hosted
    version: "2.1.1"
  change_app_package_name:
    dependency: "direct main"
    description:
      name: change_app_package_name
      sha256: f9ebaf68a4b5a68c581492579bb68273c523ef325fbf9ce2f1b57fb136ad023b
      url: "https://pub.dev"
    source: hosted
    version: "1.1.0"
  characters:
    dependency: transitive
    description:
      name: characters
      sha256: e6a326c8af69605aec75ed6c187d06b349707a27fbff8222ca9cc2cff167975c
      url: "https://pub.dev"
    source: hosted
    version: "1.2.1"
  charcode:
    dependency: transitive
    description:
      name: charcode
      sha256: fb98c0f6d12c920a02ee2d998da788bca066ca5f148492b7085ee23372b12306
      url: "https://pub.dev"
    source: hosted
    version: "1.3.1"
  clock:
    dependency: transitive
    description:
      name: clock
      sha256: cb6d7f03e1de671e34607e909a7213e31d7752be4fb66a86d29fe1eb14bfb5cf
      url: "https://pub.dev"
    source: hosted
    version: "1.1.1"
  collection:
    dependency: transitive
    description:
      name: collection
      sha256: cfc915e6923fe5ce6e153b0723c753045de46de1b4d63771530504004a45fae0
      url: "https://pub.dev"
    source: hosted
    version: "1.17.0"
  colorize:
    dependency: "direct main"
    description:
      name: colorize
      sha256: "584746cd6ba1cba0633b6720f494fe6f9601c4170f0666c1579d2aa2a61071ba"
      url: "https://pub.dev"
    source: hosted
    version: "3.0.0"
  connectivity_plus:
    dependency: "direct main"
    description:
      name: connectivity_plus
      sha256: "8875e8ed511a49f030e313656154e4bbbcef18d68dfd32eb853fac10bce48e96"
      url: "https://pub.dev"
    source: hosted
    version: "3.0.3"
  connectivity_plus_platform_interface:
    dependency: transitive
    description:
      name: connectivity_plus_platform_interface
      sha256: cf1d1c28f4416f8c654d7dc3cd638ec586076255d407cef3ddbdaf178272a71a
      url: "https://pub.dev"
    source: hosted
    version: "1.2.4"
  dartz:
    dependency: "direct main"
    description:
      name: dartz
      sha256: e6acf34ad2e31b1eb00948692468c30ab48ac8250e0f0df661e29f12dd252168
      url: "https://pub.dev"
    source: hosted
    version: "0.10.1"
  dbus:
    dependency: transitive
    description:
      name: dbus
      sha256: "905ee98622b37bcc4d0685381cd54cf9a58161c40d5e2a489e498014ac1217c3"
      url: "https://pub.dev"
    source: hosted
    version: "0.7.7"
  dio:
    dependency: "direct main"
    description:
      name: dio
      sha256: "3e5c4a94d112540d0c9a6b7f3969832e1604eb8cde0f88d0808382f9f632100b"
      url: "https://pub.dev"
    source: hosted
    version: "5.0.3"
  fake_async:
    dependency: transitive
    description:
      name: fake_async
      sha256: "511392330127add0b769b75a987850d136345d9227c6b94c96a04cf4a391bf78"
      url: "https://pub.dev"
    source: hosted
    version: "1.3.1"
  ffi:
    dependency: transitive
    description:
      name: ffi
      sha256: a38574032c5f1dd06c4aee541789906c12ccaab8ba01446e800d9c5b79c4a978
      url: "https://pub.dev"
    source: hosted
    version: "2.0.1"
  file:
    dependency: transitive
    description:
      name: file
      sha256: b69516f2c26a5bcac4eee2e32512e1a5205ab312b3536c1c1227b2b942b5f9ad
      url: "https://pub.dev"
    source: hosted
    version: "6.1.2"
  file_picker:
    dependency: "direct main"
    description:
      name: file_picker
      sha256: d8e9ca7e5d1983365c277f12c21b4362df6cf659c99af146ad4d04eb33033013
      url: "https://pub.dev"
    source: hosted
    version: "5.2.6"
  flutter:
    dependency: "direct main"
    description: flutter
    source: sdk
    version: "0.0.0"
  flutter_form_builder:
    dependency: "direct main"
    description:
      name: flutter_form_builder
      sha256: "9551c7379adc01a3a3a1100057396407c9534ea8adc937d14a0edd96fcd9e1dc"
      url: "https://pub.dev"
    source: hosted
    version: "7.8.0"
  flutter_lints:
    dependency: "direct dev"
    description:
      name: flutter_lints
      sha256: aeb0b80a8b3709709c9cc496cdc027c5b3216796bc0af0ce1007eaf24464fd4c
      url: "https://pub.dev"
    source: hosted
    version: "2.0.1"
  flutter_plugin_android_lifecycle:
    dependency: transitive
    description:
      name: flutter_plugin_android_lifecycle
      sha256: "6ffe524cd6a7d49d99b2bf979a4f6ad82304c639cea4c8d3d0f8cf1aff24e74a"
      url: "https://pub.dev"
    source: hosted
    version: "2.0.6"
  flutter_svg:
    dependency: "direct main"
    description:
      name: flutter_svg
      sha256: "12006889e2987c549c4c1ec1a5ba4ec4b24d34d2469ee5f9476c926dcecff266"
      url: "https://pub.dev"
    source: hosted
    version: "2.0.4"
  flutter_test:
    dependency: "direct dev"
    description: flutter
    source: sdk
    version: "0.0.0"
  flutter_web_plugins:
    dependency: transitive
    description: flutter
    source: sdk
    version: "0.0.0"
  get_it:
    dependency: "direct main"
    description:
      name: get_it
      sha256: "290fde3a86072e4b37dbb03c07bec6126f0ecc28dad403c12ffe2e5a2d751ab7"
      url: "https://pub.dev"
    source: hosted
    version: "7.2.0"
  http_parser:
    dependency: transitive
    description:
      name: http_parser
      sha256: e362d639ba3bc07d5a71faebb98cde68c05bfbcfbbb444b60b6f60bb67719185
      url: "https://pub.dev"
    source: hosted
    version: "4.0.0"
  internet_connection_checker:
    dependency: "direct main"
    description:
      name: internet_connection_checker
      sha256: "1c683e63e89c9ac66a40748b1b20889fd9804980da732bf2b58d6d5456c8e876"
      url: "https://pub.dev"
    source: hosted
    version: "1.0.0+1"
  intl:
    dependency: "direct main"
    description:
      name: intl
      sha256: "910f85bce16fb5c6f614e117efa303e85a1731bb0081edf3604a2ae6e9a3cc91"
      url: "https://pub.dev"
    source: hosted
    version: "0.17.0"
  js:
    dependency: transitive
    description:
      name: js
      sha256: "5528c2f391ededb7775ec1daa69e65a2d61276f7552de2b5f7b8d34ee9fd4ab7"
      url: "https://pub.dev"
    source: hosted
    version: "0.6.5"
  lints:
    dependency: transitive
    description:
      name: lints
      sha256: "5cfd6509652ff5e7fe149b6df4859e687fca9048437857cb2e65c8d780f396e3"
      url: "https://pub.dev"
    source: hosted
    version: "2.0.0"
  matcher:
    dependency: transitive
    description:
      name: matcher
      sha256: "16db949ceee371e9b99d22f88fa3a73c4e59fd0afed0bd25fc336eb76c198b72"
      url: "https://pub.dev"
    source: hosted
    version: "0.12.13"
  material_color_utilities:
    dependency: transitive
    description:
      name: material_color_utilities
      sha256: d92141dc6fe1dad30722f9aa826c7fbc896d021d792f80678280601aff8cf724
      url: "https://pub.dev"
    source: hosted
    version: "0.2.0"
  meta:
    dependency: transitive
    description:
      name: meta
      sha256: "6c268b42ed578a53088d834796959e4a1814b5e9e164f147f580a386e5decf42"
      url: "https://pub.dev"
    source: hosted
    version: "1.8.0"
  nested:
    dependency: transitive
    description:
      name: nested
      sha256: "03bac4c528c64c95c722ec99280375a6f2fc708eec17c7b3f07253b626cd2a20"
      url: "https://pub.dev"
    source: hosted
    version: "1.0.0"
  nm:
    dependency: transitive
    description:
      name: nm
      sha256: "2c9aae4127bdc8993206464fcc063611e0e36e72018696cd9631023a31b24254"
      url: "https://pub.dev"
    source: hosted
    version: "0.5.0"
  path:
    dependency: transitive
    description:
      name: path
      sha256: db9d4f58c908a4ba5953fcee2ae317c94889433e5024c27ce74a37f94267945b
      url: "https://pub.dev"
    source: hosted
    version: "1.8.2"
  path_parsing:
    dependency: transitive
    description:
      name: path_parsing
      sha256: e3e67b1629e6f7e8100b367d3db6ba6af4b1f0bb80f64db18ef1fbabd2fa9ccf
      url: "https://pub.dev"
    source: hosted
    version: "1.0.1"
  path_provider:
    dependency: "direct main"
    description:
      name: path_provider
      sha256: c7edf82217d4b2952b2129a61d3ad60f1075b9299e629e149a8d2e39c2e6aad4
      url: "https://pub.dev"
    source: hosted
    version: "2.0.14"
  path_provider_android:
    dependency: transitive
    description:
      name: path_provider_android
      sha256: "833c8bcb182b515cd872c113e29aaaffd29a1c720259dd2f65ab35ed5e0db748"
      url: "https://pub.dev"
    source: hosted
    version: "2.0.17"
  path_provider_foundation:
    dependency: transitive
    description:
      name: path_provider_foundation
      sha256: "12eee51abdf4d34c590f043f45073adbb45514a108bd9db4491547a2fd891059"
      url: "https://pub.dev"
    source: hosted
    version: "2.2.0"
  path_provider_linux:
    dependency: transitive
    description:
      name: path_provider_linux
      sha256: ab0987bf95bc591da42dffb38c77398fc43309f0b9b894dcc5d6f40c4b26c379
      url: "https://pub.dev"
    source: hosted
    version: "2.1.7"
  path_provider_platform_interface:
    dependency: transitive
    description:
      name: path_provider_platform_interface
      sha256: "27dc7a224fcd07444cb5e0e60423ccacea3e13cf00fc5282ac2c918132da931d"
      url: "https://pub.dev"
    source: hosted
    version: "2.0.4"
  path_provider_windows:
    dependency: transitive
    description:
      name: path_provider_windows
      sha256: f53720498d5a543f9607db4b0e997c4b5438884de25b0f73098cc2671a51b130
      url: "https://pub.dev"
    source: hosted
    version: "2.1.5"
  petitparser:
    dependency: transitive
    description:
      name: petitparser
      sha256: "2ebb289dc4764ec397f5cd3ca9881c6d17196130a7d646ed022a0dd9c2e25a71"
      url: "https://pub.dev"
    source: hosted
    version: "5.0.0"
  platform:
    dependency: transitive
    description:
      name: platform
      sha256: "4a451831508d7d6ca779f7ac6e212b4023dd5a7d08a27a63da33756410e32b76"
      url: "https://pub.dev"
    source: hosted
    version: "3.1.0"
  plugin_platform_interface:
    dependency: transitive
    description:
      name: plugin_platform_interface
      sha256: "075f927ebbab4262ace8d0b283929ac5410c0ac4e7fc123c76429564facfb757"
      url: "https://pub.dev"
    source: hosted
    version: "2.1.2"
  process:
    dependency: transitive
    description:
      name: process
      sha256: "53fd8db9cec1d37b0574e12f07520d582019cb6c44abf5479a01505099a34a09"
      url: "https://pub.dev"
    source: hosted
    version: "4.2.4"
  provider:
    dependency: "direct main"
    description:
      name: provider
      sha256: cdbe7530b12ecd9eb455bdaa2fcb8d4dad22e80b8afb4798b41479d5ce26847f
      url: "https://pub.dev"
    source: hosted
    version: "6.0.5"
  responsive_ui:
    dependency: "direct main"
    description:
      name: responsive_ui
      sha256: "8672ec68485fcc2bcff16d7949c2f88bfcb21f9025e12ba6bdf0d3c4fb64d799"
      url: "https://pub.dev"
    source: hosted
    version: "3.0.0"
  sembast:
    dependency: "direct main"
    description:
      name: sembast
      sha256: "82f89201b98597ed13253a5fa750ac6b6bba3a9d4a91db7f07c9470baac33a4e"
      url: "https://pub.dev"
    source: hosted
    version: "3.4.3"
  shared_preferences:
    dependency: "direct main"
    description:
      name: shared_preferences
      sha256: "78528fd87d0d08ffd3e69551173c026e8eacc7b7079c82eb6a77413957b7e394"
      url: "https://pub.dev"
    source: hosted
    version: "2.0.20"
  shared_preferences_android:
    dependency: transitive
    description:
      name: shared_preferences_android
      sha256: "853801ce6ba7429ec4e923e37317f32a57c903de50b8c33ffcfbdb7e6f0dd39c"
      url: "https://pub.dev"
    source: hosted
    version: "2.0.12"
  shared_preferences_foundation:
    dependency: transitive
    description:
      name: shared_preferences_foundation
      sha256: "1e755f8583229f185cfca61b1d80fb2344c9d660e1c69ede5450d8f478fa5310"
      url: "https://pub.dev"
    source: hosted
    version: "2.1.5"
  shared_preferences_linux:
    dependency: transitive
    description:
      name: shared_preferences_linux
      sha256: "28aefc1261746e7bad3d09799496054beb84e8c4ffcdfed7734e17b4ada459a5"
      url: "https://pub.dev"
    source: hosted
    version: "2.1.1"
  shared_preferences_platform_interface:
    dependency: transitive
    description:
      name: shared_preferences_platform_interface
      sha256: "992f0fdc46d0a3c0ac2e5859f2de0e577bbe51f78a77ee8f357cbe626a2ad32d"
      url: "https://pub.dev"
    source: hosted
    version: "2.0.0"
  shared_preferences_web:
    dependency: transitive
    description:
      name: shared_preferences_web
      sha256: a4b5bc37fe1b368bbc81f953197d55e12f49d0296e7e412dfe2d2d77d6929958
      url: "https://pub.dev"
    source: hosted
    version: "2.0.4"
  shared_preferences_windows:
    dependency: transitive
    description:
      name: shared_preferences_windows
      sha256: "97f7ab9a7da96d9cf19581f5de520ceb529548498bd6b5e0ccd02d68a0d15eba"
      url: "https://pub.dev"
    source: hosted
    version: "2.1.1"
  sky_engine:
    dependency: transitive
    description: flutter
    source: sdk
    version: "0.0.99"
  source_span:
    dependency: transitive
    description:
      name: source_span
      sha256: dd904f795d4b4f3b870833847c461801f6750a9fa8e61ea5ac53f9422b31f250
      url: "https://pub.dev"
    source: hosted
    version: "1.9.1"
  stack_trace:
    dependency: transitive
    description:
      name: stack_trace
      sha256: c3c7d8edb15bee7f0f74debd4b9c5f3c2ea86766fe4178eb2a18eb30a0bdaed5
      url: "https://pub.dev"
    source: hosted
    version: "1.11.0"
  stream_channel:
    dependency: transitive
    description:
      name: stream_channel
      sha256: "83615bee9045c1d322bbbd1ba209b7a749c2cbcdcb3fdd1df8eb488b3279c1c8"
      url: "https://pub.dev"
    source: hosted
    version: "2.1.1"
  string_scanner:
    dependency: transitive
    description:
      name: string_scanner
      sha256: "556692adab6cfa87322a115640c11f13cb77b3f076ddcc5d6ae3c20242bedcde"
      url: "https://pub.dev"
    source: hosted
    version: "1.2.0"
  synchronized:
    dependency: transitive
    description:
      name: synchronized
      sha256: a7f0790927c0806ae0d5eb061c713748fa6070ef0037e391a2d53c3844c09dc2
      url: "https://pub.dev"
    source: hosted
    version: "3.0.0+2"
  term_glyph:
    dependency: transitive
    description:
      name: term_glyph
      sha256: a29248a84fbb7c79282b40b8c72a1209db169a2e0542bce341da992fe1bc7e84
      url: "https://pub.dev"
    source: hosted
    version: "1.2.1"
  test_api:
    dependency: transitive
    description:
      name: test_api
      sha256: ad540f65f92caa91bf21dfc8ffb8c589d6e4dc0c2267818b4cc2792857706206
      url: "https://pub.dev"
    source: hosted
    version: "0.4.16"
  typed_data:
    dependency: transitive
    description:
      name: typed_data
      sha256: "26f87ade979c47a150c9eaab93ccd2bebe70a27dc0b4b29517f2904f04eb11a5"
      url: "https://pub.dev"
    source: hosted
    version: "1.3.1"
  unicons:
    dependency: "direct main"
    description:
      name: unicons
      sha256: dbfcf93ff4d4ea19b324113857e358e4882115ab85db04417a4ba1c72b17a670
      url: "https://pub.dev"
    source: hosted
    version: "2.1.1"
  vector_graphics:
    dependency: transitive
    description:
      name: vector_graphics
      sha256: "4cf8e60dbe4d3a693d37dff11255a172594c0793da542183cbfe7fe978ae4aaa"
      url: "https://pub.dev"
    source: hosted
    version: "1.1.4"
  vector_graphics_codec:
    dependency: transitive
    description:
      name: vector_graphics_codec
      sha256: "278ad5f816f58b1967396d1f78ced470e3e58c9fe4b27010102c0a595c764468"
      url: "https://pub.dev"
    source: hosted
    version: "1.1.4"
  vector_graphics_compiler:
    dependency: transitive
    description:
      name: vector_graphics_compiler
      sha256: "0bf61ad56e6fd6688a2865d3ceaea396bc6a0a90ea0d7ad5049b1b76c09d6163"
      url: "https://pub.dev"
    source: hosted
    version: "1.1.4"
  vector_math:
    dependency: transitive
    description:
      name: vector_math
      sha256: "80b3257d1492ce4d091729e3a67a60407d227c27241d6927be0130c98e741803"
      url: "https://pub.dev"
    source: hosted
    version: "2.1.4"
  win32:
    dependency: transitive
    description:
      name: win32
      sha256: c9ebe7ee4ab0c2194e65d3a07d8c54c5d00bb001b76081c4a04cdb8448b59e46
      url: "https://pub.dev"
    source: hosted
    version: "3.1.3"
  xdg_directories:
    dependency: transitive
    description:
      name: xdg_directories
      sha256: "060b6e1c891d956f72b5ac9463466c37cce3fa962a921532fc001e86fe93438e"
      url: "https://pub.dev"
    source: hosted
    version: "0.2.0+1"
  xml:
    dependency: transitive
    description:
      name: xml
      sha256: ac0e3f4bf00ba2708c33fbabbbe766300e509f8c82dbd4ab6525039813f7e2fb
      url: "https://pub.dev"
    source: hosted
    version: "6.1.0"
sdks:
  dart: ">=2.19.2 <3.0.0"
  flutter: ">=3.7.0"
